
Microsoft Visual Studio Solution File, Format Version 11.00
# Visual Studio 2010
Project("{FAE04EC0-301F-11D3-BF4B-00C04F79EFBC}") = "Assembly-CSharp", "Assembly-CSharp.csproj", "{2B1E414E-BFF5-54E8-7374-FCF6EED58A9C}"
EndProject
Project("{FAE04EC0-301F-11D3-BF4B-00C04F79EFBC}") = "Assembly-CSharp-Editor", "Assembly-CSharp-Editor.csproj", "{3C25CB2A-1A56-D401-A96D-ED39AF74AD9D}"
EndProject
Global
	GlobalSection(SolutionConfigurationPlatforms) = preSolution
		Debug|Any CPU = Debug|Any CPU
		Release|Any CPU = Release|Any CPU
	EndGlobalSection
	GlobalSection(ProjectConfigurationPlatforms) = postSolution
		{2B1E414E-BFF5-54E8-7374-FCF6EED58A9C}.Debug|Any CPU.ActiveCfg = Debug|Any CPU
		{2B1E414E-BFF5-54E8-7374-FCF6EED58A9C}.Debug|Any CPU.Build.0 = Debug|Any CPU
		{2B1E414E-BFF5-54E8-7374-FCF6EED58A9C}.Release|Any CPU.ActiveCfg = Release|Any CPU
		{2B1E414E-BFF5-54E8-7374-FCF6EED58A9C}.Release|Any CPU.Build.0 = Release|Any CPU
		{3C25CB2A-1A56-D401-A96D-ED39AF74AD9D}.Debug|Any CPU.ActiveCfg = Debug|Any CPU
		{3C25CB2A-1A56-D401-A96D-ED39AF74AD9D}.Debug|Any CPU.Build.0 = Debug|Any CPU
		{3C25CB2A-1A56-D401-A96D-ED39AF74AD9D}.Release|Any CPU.ActiveCfg = Release|Any CPU
		{3C25CB2A-1A56-D401-A96D-ED39AF74AD9D}.Release|Any CPU.Build.0 = Release|Any CPU
	EndGlobalSection
	GlobalSection(SolutionProperties) = preSolution
		HideSolutionNode = FALSE
	EndGlobalSection
	GlobalSection(MonoDevelopProperties) = preSolution
		StartupItem = Assembly-CSharp.csproj
	EndGlobalSection
EndGlobal
